
Microsoft Visual Studio Solution File, Format Version 12.00
# Visual Studio Version 17
VisualStudioVersion = 17.3.32922.545
MinimumVisualStudioVersion = 10.0.40219.1
Project("{2150E333-8FDC-42A3-9474-1A3956D46DE8}") = "Workers", "Workers", "{6927DEA2-AE04-4D87-9CB1-75A7D1AC07C7}"
EndProject
Project("{2150E333-8FDC-42A3-9474-1A3956D46DE8}") = "Common", "Common", "{3F920B7C-BB96-4961-80BE-B51348798C15}"
EndProject
Project("{9A19103F-16F7-4668-BE54-9A1E7A4F7556}") = "DataAccess", "DataAccess\DataAccess.csproj", "{BC12CC8A-8479-4B2B-AFF2-5A3AB461FA5C}"
EndProject
Project("{9A19103F-16F7-4668-BE54-9A1E7A4F7556}") = "Application.Common", "Application.Common\Application.Common.csproj", "{8DBEE58F-1646-4D1C-A4F4-8F94C62D9AC9}"
EndProject
Project("{9A19103F-16F7-4668-BE54-9A1E7A4F7556}") = "Domain.Common", "Domain.Common\Domain.Common.csproj", "{5EBE6E0C-0E89-4626-9A7C-EC898FA3DCD4}"
EndProject
Project("{9A19103F-16F7-4668-BE54-9A1E7A4F7556}") = "Infrastructure.Common", "Infrastructure.Common\Infrastructure.Common.csproj", "{8B80564F-9FA1-46C6-AD73-46F4B075D49A}"
EndProject
Project("{2150E333-8FDC-42A3-9474-1A3956D46DE8}") = "API", "API", "{546AEBDD-5A3F-4CF0-AD4C-BFD253A46EA1}"
EndProject
Project("{2150E333-8FDC-42A3-9474-1A3956D46DE8}") = "Parser", "Parser", "{9A744C62-B82D-4E7F-8BBD-CF8CEB7B7AC6}"
EndProject
Project("{9A19103F-16F7-4668-BE54-9A1E7A4F7556}") = "Parser.Api", "Parser.Api\Parser.Api.csproj", "{73F95335-1FB8-4377-BF98-C2676FCCF5AE}"
EndProject
Project("{9A19103F-16F7-4668-BE54-9A1E7A4F7556}") = "Parser.Application", "Parser.Application\Parser.Application.csproj", "{521D4003-3C95-4221-9CB5-5045886D526F}"
EndProject
Project("{9A19103F-16F7-4668-BE54-9A1E7A4F7556}") = "Parser.Infrastructure", "Parser.Infrastructure\Parser.Infrastructure.csproj", "{2BE2CB59-511C-48CE-BB04-F9613EE8BF89}"
EndProject
Project("{9A19103F-16F7-4668-BE54-9A1E7A4F7556}") = "Parser.Domain", "Parser.Domain\Parser.Domain.csproj", "{3A2BC41D-93C0-452E-B901-349F5DD92B42}"
EndProject
Project("{9A19103F-16F7-4668-BE54-9A1E7A4F7556}") = "Hosted.Common", "Hosted.Common\Hosted.Common.csproj", "{F60141A4-86A3-41EB-ABB6-82E10518EC1E}"
EndProject
Project("{9A19103F-16F7-4668-BE54-9A1E7A4F7556}") = "Sender.Presentation", "Sender.Presentation\Sender.Presentation.csproj", "{F6392FB8-B166-4F36-93A2-73C01E5E10E9}"
EndProject
Project("{9A19103F-16F7-4668-BE54-9A1E7A4F7556}") = "Sender.Infrastructure", "Sender.Infrastructure\Sender.Infrastructure.csproj", "{1B799710-A7B1-41A9-AF9F-9C07B1BBAAF4}"
EndProject
Project("{9A19103F-16F7-4668-BE54-9A1E7A4F7556}") = "Sender.Domain", "Sender.Domain\Sender.Domain.csproj", "{946D3C9F-CB75-4FC6-8C31-DD7749AFA453}"
EndProject
Project("{2150E333-8FDC-42A3-9474-1A3956D46DE8}") = "Data", "Data", "{DE1B853B-5589-4A62-823E-4F2898380F45}"
EndProject
Project("{9A19103F-16F7-4668-BE54-9A1E7A4F7556}") = "Data.Api", "Data.Api\Data.Api.csproj", "{DE765608-0C89-4BDC-B76D-36D7C92AF4E8}"
EndProject
Project("{9A19103F-16F7-4668-BE54-9A1E7A4F7556}") = "Data.Application", "Data.Application\Data.Application.csproj", "{1BAD6F53-CDA5-44E4-B13E-DC72F355CF28}"
EndProject
Global
	GlobalSection(SolutionConfigurationPlatforms) = preSolution
		Debug|Any CPU = Debug|Any CPU
		Release|Any CPU = Release|Any CPU
	EndGlobalSection
	GlobalSection(ProjectConfigurationPlatforms) = postSolution
		{BC12CC8A-8479-4B2B-AFF2-5A3AB461FA5C}.Debug|Any CPU.ActiveCfg = Debug|Any CPU
		{BC12CC8A-8479-4B2B-AFF2-5A3AB461FA5C}.Debug|Any CPU.Build.0 = Debug|Any CPU
		{BC12CC8A-8479-4B2B-AFF2-5A3AB461FA5C}.Release|Any CPU.ActiveCfg = Release|Any CPU
		{BC12CC8A-8479-4B2B-AFF2-5A3AB461FA5C}.Release|Any CPU.Build.0 = Release|Any CPU
		{8DBEE58F-1646-4D1C-A4F4-8F94C62D9AC9}.Debug|Any CPU.ActiveCfg = Debug|Any CPU
		{8DBEE58F-1646-4D1C-A4F4-8F94C62D9AC9}.Debug|Any CPU.Build.0 = Debug|Any CPU
		{8DBEE58F-1646-4D1C-A4F4-8F94C62D9AC9}.Release|Any CPU.ActiveCfg = Release|Any CPU
		{8DBEE58F-1646-4D1C-A4F4-8F94C62D9AC9}.Release|Any CPU.Build.0 = Release|Any CPU
		{5EBE6E0C-0E89-4626-9A7C-EC898FA3DCD4}.Debug|Any CPU.ActiveCfg = Debug|Any CPU
		{5EBE6E0C-0E89-4626-9A7C-EC898FA3DCD4}.Debug|Any CPU.Build.0 = Debug|Any CPU
		{5EBE6E0C-0E89-4626-9A7C-EC898FA3DCD4}.Release|Any CPU.ActiveCfg = Release|Any CPU
		{5EBE6E0C-0E89-4626-9A7C-EC898FA3DCD4}.Release|Any CPU.Build.0 = Release|Any CPU
		{8B80564F-9FA1-46C6-AD73-46F4B075D49A}.Debug|Any CPU.ActiveCfg = Debug|Any CPU
		{8B80564F-9FA1-46C6-AD73-46F4B075D49A}.Debug|Any CPU.Build.0 = Debug|Any CPU
		{8B80564F-9FA1-46C6-AD73-46F4B075D49A}.Release|Any CPU.ActiveCfg = Release|Any CPU
		{8B80564F-9FA1-46C6-AD73-46F4B075D49A}.Release|Any CPU.Build.0 = Release|Any CPU
		{73F95335-1FB8-4377-BF98-C2676FCCF5AE}.Debug|Any CPU.ActiveCfg = Debug|Any CPU
		{73F95335-1FB8-4377-BF98-C2676FCCF5AE}.Debug|Any CPU.Build.0 = Debug|Any CPU
		{73F95335-1FB8-4377-BF98-C2676FCCF5AE}.Release|Any CPU.ActiveCfg = Release|Any CPU
		{73F95335-1FB8-4377-BF98-C2676FCCF5AE}.Release|Any CPU.Build.0 = Release|Any CPU
		{521D4003-3C95-4221-9CB5-5045886D526F}.Debug|Any CPU.ActiveCfg = Debug|Any CPU
		{521D4003-3C95-4221-9CB5-5045886D526F}.Debug|Any CPU.Build.0 = Debug|Any CPU
		{521D4003-3C95-4221-9CB5-5045886D526F}.Release|Any CPU.ActiveCfg = Release|Any CPU
		{521D4003-3C95-4221-9CB5-5045886D526F}.Release|Any CPU.Build.0 = Release|Any CPU
		{2BE2CB59-511C-48CE-BB04-F9613EE8BF89}.Debug|Any CPU.ActiveCfg = Debug|Any CPU
		{2BE2CB59-511C-48CE-BB04-F9613EE8BF89}.Debug|Any CPU.Build.0 = Debug|Any CPU
		{2BE2CB59-511C-48CE-BB04-F9613EE8BF89}.Release|Any CPU.ActiveCfg = Release|Any CPU
		{2BE2CB59-511C-48CE-BB04-F9613EE8BF89}.Release|Any CPU.Build.0 = Release|Any CPU
		{3A2BC41D-93C0-452E-B901-349F5DD92B42}.Debug|Any CPU.ActiveCfg = Debug|Any CPU
		{3A2BC41D-93C0-452E-B901-349F5DD92B42}.Debug|Any CPU.Build.0 = Debug|Any CPU
		{3A2BC41D-93C0-452E-B901-349F5DD92B42}.Release|Any CPU.ActiveCfg = Release|Any CPU
		{3A2BC41D-93C0-452E-B901-349F5DD92B42}.Release|Any CPU.Build.0 = Release|Any CPU
		{F60141A4-86A3-41EB-ABB6-82E10518EC1E}.Debug|Any CPU.ActiveCfg = Debug|Any CPU
		{F60141A4-86A3-41EB-ABB6-82E10518EC1E}.Debug|Any CPU.Build.0 = Debug|Any CPU
		{F60141A4-86A3-41EB-ABB6-82E10518EC1E}.Release|Any CPU.ActiveCfg = Release|Any CPU
		{F60141A4-86A3-41EB-ABB6-82E10518EC1E}.Release|Any CPU.Build.0 = Release|Any CPU
		{F6392FB8-B166-4F36-93A2-73C01E5E10E9}.Debug|Any CPU.ActiveCfg = Debug|Any CPU
		{F6392FB8-B166-4F36-93A2-73C01E5E10E9}.Debug|Any CPU.Build.0 = Debug|Any CPU
		{F6392FB8-B166-4F36-93A2-73C01E5E10E9}.Release|Any CPU.ActiveCfg = Release|Any CPU
		{F6392FB8-B166-4F36-93A2-73C01E5E10E9}.Release|Any CPU.Build.0 = Release|Any CPU
		{1B799710-A7B1-41A9-AF9F-9C07B1BBAAF4}.Debug|Any CPU.ActiveCfg = Debug|Any CPU
		{1B799710-A7B1-41A9-AF9F-9C07B1BBAAF4}.Debug|Any CPU.Build.0 = Debug|Any CPU
		{1B799710-A7B1-41A9-AF9F-9C07B1BBAAF4}.Release|Any CPU.ActiveCfg = Release|Any CPU
		{1B799710-A7B1-41A9-AF9F-9C07B1BBAAF4}.Release|Any CPU.Build.0 = Release|Any CPU
		{946D3C9F-CB75-4FC6-8C31-DD7749AFA453}.Debug|Any CPU.ActiveCfg = Debug|Any CPU
		{946D3C9F-CB75-4FC6-8C31-DD7749AFA453}.Debug|Any CPU.Build.0 = Debug|Any CPU
		{946D3C9F-CB75-4FC6-8C31-DD7749AFA453}.Release|Any CPU.ActiveCfg = Release|Any CPU
		{946D3C9F-CB75-4FC6-8C31-DD7749AFA453}.Release|Any CPU.Build.0 = Release|Any CPU
		{DE765608-0C89-4BDC-B76D-36D7C92AF4E8}.Debug|Any CPU.ActiveCfg = Debug|Any CPU
		{DE765608-0C89-4BDC-B76D-36D7C92AF4E8}.Debug|Any CPU.Build.0 = Debug|Any CPU
		{DE765608-0C89-4BDC-B76D-36D7C92AF4E8}.Release|Any CPU.ActiveCfg = Release|Any CPU
		{DE765608-0C89-4BDC-B76D-36D7C92AF4E8}.Release|Any CPU.Build.0 = Release|Any CPU
		{1BAD6F53-CDA5-44E4-B13E-DC72F355CF28}.Debug|Any CPU.ActiveCfg = Debug|Any CPU
		{1BAD6F53-CDA5-44E4-B13E-DC72F355CF28}.Debug|Any CPU.Build.0 = Debug|Any CPU
		{1BAD6F53-CDA5-44E4-B13E-DC72F355CF28}.Release|Any CPU.ActiveCfg = Release|Any CPU
		{1BAD6F53-CDA5-44E4-B13E-DC72F355CF28}.Release|Any CPU.Build.0 = Release|Any CPU
	EndGlobalSection
	GlobalSection(SolutionProperties) = preSolution
		HideSolutionNode = FALSE
	EndGlobalSection
	GlobalSection(NestedProjects) = preSolution
		{BC12CC8A-8479-4B2B-AFF2-5A3AB461FA5C} = {3F920B7C-BB96-4961-80BE-B51348798C15}
		{8DBEE58F-1646-4D1C-A4F4-8F94C62D9AC9} = {3F920B7C-BB96-4961-80BE-B51348798C15}
		{5EBE6E0C-0E89-4626-9A7C-EC898FA3DCD4} = {3F920B7C-BB96-4961-80BE-B51348798C15}
		{8B80564F-9FA1-46C6-AD73-46F4B075D49A} = {3F920B7C-BB96-4961-80BE-B51348798C15}
		{9A744C62-B82D-4E7F-8BBD-CF8CEB7B7AC6} = {546AEBDD-5A3F-4CF0-AD4C-BFD253A46EA1}
		{73F95335-1FB8-4377-BF98-C2676FCCF5AE} = {9A744C62-B82D-4E7F-8BBD-CF8CEB7B7AC6}
		{521D4003-3C95-4221-9CB5-5045886D526F} = {9A744C62-B82D-4E7F-8BBD-CF8CEB7B7AC6}
		{2BE2CB59-511C-48CE-BB04-F9613EE8BF89} = {9A744C62-B82D-4E7F-8BBD-CF8CEB7B7AC6}
		{3A2BC41D-93C0-452E-B901-349F5DD92B42} = {9A744C62-B82D-4E7F-8BBD-CF8CEB7B7AC6}
		{F60141A4-86A3-41EB-ABB6-82E10518EC1E} = {3F920B7C-BB96-4961-80BE-B51348798C15}
		{F6392FB8-B166-4F36-93A2-73C01E5E10E9} = {6927DEA2-AE04-4D87-9CB1-75A7D1AC07C7}
		{1B799710-A7B1-41A9-AF9F-9C07B1BBAAF4} = {6927DEA2-AE04-4D87-9CB1-75A7D1AC07C7}
		{946D3C9F-CB75-4FC6-8C31-DD7749AFA453} = {6927DEA2-AE04-4D87-9CB1-75A7D1AC07C7}
		{DE1B853B-5589-4A62-823E-4F2898380F45} = {546AEBDD-5A3F-4CF0-AD4C-BFD253A46EA1}
		{DE765608-0C89-4BDC-B76D-36D7C92AF4E8} = {DE1B853B-5589-4A62-823E-4F2898380F45}
		{1BAD6F53-CDA5-44E4-B13E-DC72F355CF28} = {DE1B853B-5589-4A62-823E-4F2898380F45}
	EndGlobalSection
	GlobalSection(ExtensibilityGlobals) = postSolution
		SolutionGuid = {9055921E-AB84-4B67-B96A-DB53F0ADC727}
	EndGlobalSection
EndGlobal
